
Microsoft Visual Studio Solution File, Format Version 12.00
# Visual Studio Version 17
VisualStudioVersion = 17.6.33723.286
MinimumVisualStudioVersion = 10.0.40219.1
Project("{FAE04EC0-301F-11D3-BF4B-00C04F79EFBC}") = "Deligate_demo", "Deligate_demo.csproj", "{BF483888-6ADD-41C0-9114-14327A5A7092}"
EndProject
Global
	GlobalSection(SolutionConfigurationPlatforms) = preSolution
		Debug|Any CPU = Debug|Any CPU
		Release|Any CPU = Release|Any CPU
	EndGlobalSection
	GlobalSection(ProjectConfigurationPlatforms) = postSolution
		{BF483888-6ADD-41C0-9114-14327A5A7092}.Debug|Any CPU.ActiveCfg = Debug|Any CPU
		{BF483888-6ADD-41C0-9114-14327A5A7092}.Debug|Any CPU.Build.0 = Debug|Any CPU
		{BF483888-6ADD-41C0-9114-14327A5A7092}.Release|Any CPU.ActiveCfg = Release|Any CPU
		{BF483888-6ADD-41C0-9114-14327A5A7092}.Release|Any CPU.Build.0 = Release|Any CPU
	EndGlobalSection
	GlobalSection(SolutionProperties) = preSolution
		HideSolutionNode = FALSE
	EndGlobalSection
	GlobalSection(ExtensibilityGlobals) = postSolution
		SolutionGuid = {CADE5E07-3A7A-43D3-A087-84BF0C03A2AE}
	EndGlobalSection
EndGlobal
